// !$*UTF8*$!
{
	archiveVersion = 1;
	classes = {
	};
	objectVersion = 50;
	objects = {

/* Begin PBXBuildFile section */
		0EEB476422850F4100DFA236 /* AppDelegate.swift in Sources */ = {isa = PBXBuildFile; fileRef = 0EEB476322850F4100DFA236 /* AppDelegate.swift */; };
		0EEB476B22850F4300DFA236 /* Assets.xcassets in Resources */ = {isa = PBXBuildFile; fileRef = 0EEB476A22850F4300DFA236 /* Assets.xcassets */; };
		0EEB476E22850F4300DFA236 /* LaunchScreen.storyboard in Resources */ = {isa = PBXBuildFile; fileRef = 0EEB476C22850F4300DFA236 /* LaunchScreen.storyboard */; };
		0EEB477922850F4300DFA236 /* StretchHeaderTests.swift in Sources */ = {isa = PBXBuildFile; fileRef = 0EEB477822850F4300DFA236 /* StretchHeaderTests.swift */; };
		0EEB478422850F4300DFA236 /* StretchHeaderUITests.swift in Sources */ = {isa = PBXBuildFile; fileRef = 0EEB478322850F4300DFA236 /* StretchHeaderUITests.swift */; };
		0EEB479222851A3200DFA236 /* ListVC.swift in Sources */ = {isa = PBXBuildFile; fileRef = 0EEB479122851A3200DFA236 /* ListVC.swift */; };
		0EEF21B12288863F00FE99AE /* StretchHeader.swift in Sources */ = {isa = PBXBuildFile; fileRef = 0EEF21B02288863F00FE99AE /* StretchHeader.swift */; };
		0EEF21B32288CFF500FE99AE /* Contact.swift in Sources */ = {isa = PBXBuildFile; fileRef = 0EEF21B22288CFF500FE99AE /* Contact.swift */; };
/* End PBXBuildFile section */

/* Begin PBXContainerItemProxy section */
		0EEB477522850F4300DFA236 /* PBXContainerItemProxy */ = {
			isa = PBXContainerItemProxy;
			containerPortal = 0EEB475822850F4100DFA236 /* Project object */;
			proxyType = 1;
			remoteGlobalIDString = 0EEB475F22850F4100DFA236;
			remoteInfo = StretchHeader;
		};
		0EEB478022850F4300DFA236 /* PBXContainerItemProxy */ = {
			isa = PBXContainerItemProxy;
			containerPortal = 0EEB475822850F4100DFA236 /* Project object */;
			proxyType = 1;
			remoteGlobalIDString = 0EEB475F22850F4100DFA236;
			remoteInfo = StretchHeader;
		};
/* End PBXContainerItemProxy section */

/* Begin PBXFileReference section */
		0EEB476022850F4100DFA236 /* StretchHeader.app */ = {isa = PBXFileReference; explicitFileType = wrapper.application; includeInIndex = 0; path = StretchHeader.app; sourceTree = BUILT_PRODUCTS_DIR; };
		0EEB476322850F4100DFA236 /* AppDelegate.swift */ = {isa = PBXFileReference; lastKnownFileType = sourcecode.swift; path = AppDelegate.swift; sourceTree = "<group>"; };
		0EEB476A22850F4300DFA236 /* Assets.xcassets */ = {isa = PBXFileReference; lastKnownFileType = folder.assetcatalog; path = Assets.xcassets; sourceTree = "<group>"; };
		0EEB476D22850F4300DFA236 /* Base */ = {isa = PBXFileReference; lastKnownFileType = file.storyboard; name = Base; path = Base.lproj/LaunchScreen.storyboard; sourceTree = "<group>"; };
		0EEB476F22850F4300DFA236 /* Info.plist */ = {isa = PBXFileReference; lastKnownFileType = text.plist.xml; path = Info.plist; sourceTree = "<group>"; };
		0EEB477422850F4300DFA236 /* StretchHeaderTests.xctest */ = {isa = PBXFileReference; explicitFileType = wrapper.cfbundle; includeInIndex = 0; path = StretchHeaderTests.xctest; sourceTree = BUILT_PRODUCTS_DIR; };
		0EEB477822850F4300DFA236 /* StretchHeaderTests.swift */ = {isa = PBXFileReference; lastKnownFileType = sourcecode.swift; path = StretchHeaderTests.swift; sourceTree = "<group>"; };
		0EEB477A22850F4300DFA236 /* Info.plist */ = {isa = PBXFileReference; lastKnownFileType = text.plist.xml; path = Info.plist; sourceTree = "<group>"; };
		0EEB477F22850F4300DFA236 /* StretchHeaderUITests.xctest */ = {isa = PBXFileReference; explicitFileType = wrapper.cfbundle; includeInIndex = 0; path = StretchHeaderUITests.xctest; sourceTree = BUILT_PRODUCTS_DIR; };
		0EEB478322850F4300DFA236 /* StretchHeaderUITests.swift */ = {isa = PBXFileReference; lastKnownFileType = sourcecode.swift; path = StretchHeaderUITests.swift; sourceTree = "<group>"; };
		0EEB478522850F4300DFA236 /* Info.plist */ = {isa = PBXFileReference; lastKnownFileType = text.plist.xml; path = Info.plist; sourceTree = "<group>"; };
		0EEB479122851A3200DFA236 /* ListVC.swift */ = {isa = PBXFileReference; lastKnownFileType = sourcecode.swift; path = ListVC.swift; sourceTree = "<group>"; };
		0EEF21B02288863F00FE99AE /* StretchHeader.swift */ = {isa = PBXFileReference; lastKnownFileType = sourcecode.swift; path = StretchHeader.swift; sourceTree = "<group>"; };
		0EEF21B22288CFF500FE99AE /* Contact.swift */ = {isa = PBXFileReference; lastKnownFileType = sourcecode.swift; path = Contact.swift; sourceTree = "<group>"; };
/* End PBXFileReference section */

/* Begin PBXFrameworksBuildPhase section */
		0EEB475D22850F4100DFA236 /* Frameworks */ = {
			isa = PBXFrameworksBuildPhase;
			buildActionMask = 2147483647;
			files = (
			);
			runOnlyForDeploymentPostprocessing = 0;
		};
		0EEB477122850F4300DFA236 /* Frameworks */ = {
			isa = PBXFrameworksBuildPhase;
			buildActionMask = 2147483647;
			files = (
			);
			runOnlyForDeploymentPostprocessing = 0;
		};
		0EEB477C22850F4300DFA236 /* Frameworks */ = {
			isa = PBXFrameworksBuildPhase;
			buildActionMask = 2147483647;
			files = (
			);
			runOnlyForDeploymentPostprocessing = 0;
		};
/* End PBXFrameworksBuildPhase section */

/* Begin PBXGroup section */
		0EEB475722850F4100DFA236 = {
			isa = PBXGroup;
			children = (
				0EEB476222850F4100DFA236 /* StretchHeader */,
				0EEB477722850F4300DFA236 /* StretchHeaderTests */,
				0EEB478222850F4300DFA236 /* StretchHeaderUITests */,
				0EEB476122850F4100DFA236 /* Products */,
			);
			sourceTree = "<group>";
		};
		0EEB476122850F4100DFA236 /* Products */ = {
			isa = PBXGroup;
			children = (
				0EEB476022850F4100DFA236 /* StretchHeader.app */,
				0EEB477422850F4300DFA236 /* StretchHeaderTests.xctest */,
				0EEB477F22850F4300DFA236 /* StretchHeaderUITests.xctest */,
			);
			name = Products;
			sourceTree = "<group>";
		};
		0EEB476222850F4100DFA236 /* StretchHeader */ = {
			isa = PBXGroup;
			children = (
				0EEB476322850F4100DFA236 /* AppDelegate.swift */,
				0EEB476A22850F4300DFA236 /* Assets.xcassets */,
				0EEB476C22850F4300DFA236 /* LaunchScreen.storyboard */,
				0EEB476F22850F4300DFA236 /* Info.plist */,
				0EEB479122851A3200DFA236 /* ListVC.swift */,
				0EEF21B22288CFF500FE99AE /* Contact.swift */,
				0EEF21B02288863F00FE99AE /* StretchHeader.swift */,
			);
			path = StretchHeader;
			sourceTree = "<group>";
		};
		0EEB477722850F4300DFA236 /* StretchHeaderTests */ = {
			isa = PBXGroup;
			children = (
				0EEB477822850F4300DFA236 /* StretchHeaderTests.swift */,
				0EEB477A22850F4300DFA236 /* Info.plist */,
			);
			path = StretchHeaderTests;
			sourceTree = "<group>";
		};
		0EEB478222850F4300DFA236 /* StretchHeaderUITests */ = {
			isa = PBXGroup;
			children = (
				0EEB478322850F4300DFA236 /* StretchHeaderUITests.swift */,
				0EEB478522850F4300DFA236 /* Info.plist */,
			);
			path = StretchHeaderUITests;
			sourceTree = "<group>";
		};
/* End PBXGroup section */

/* Begin PBXNativeTarget section */
		0EEB475F22850F4100DFA236 /* StretchHeader */ = {
			isa = PBXNativeTarget;
			buildConfigurationList = 0EEB478822850F4300DFA236 /* Build configuration list for PBXNativeTarget "StretchHeader" */;
			buildPhases = (
				0EEB475C22850F4100DFA236 /* Sources */,
				0EEB475D22850F4100DFA236 /* Frameworks */,
				0EEB475E22850F4100DFA236 /* Resources */,
			);
			buildRules = (
			);
			dependencies = (
			);
			name = StretchHeader;
			productName = StretchHeader;
			productReference = 0EEB476022850F4100DFA236 /* StretchHeader.app */;
			productType = "com.apple.product-type.application";
		};
		0EEB477322850F4300DFA236 /* StretchHeaderTests */ = {
			isa = PBXNativeTarget;
			buildConfigurationList = 0EEB478B22850F4300DFA236 /* Build configuration list for PBXNativeTarget "StretchHeaderTests" */;
			buildPhases = (
				0EEB477022850F4300DFA236 /* Sources */,
				0EEB477122850F4300DFA236 /* Frameworks */,
				0EEB477222850F4300DFA236 /* Resources */,
			);
			buildRules = (
			);
			dependencies = (
				0EEB477622850F4300DFA236 /* PBXTargetDependency */,
			);
			name = StretchHeaderTests;
			productName = StretchHeaderTests;
			productReference = 0EEB477422850F4300DFA236 /* StretchHeaderTests.xctest */;
			productType = "com.apple.product-type.bundle.unit-test";
		};
		0EEB477E22850F4300DFA236 /* StretchHeaderUITests */ = {
			isa = PBXNativeTarget;
			buildConfigurationList = 0EEB478E22850F4300DFA236 /* Build configuration list for PBXNativeTarget "StretchHeaderUITests" */;
			buildPhases = (
				0EEB477B22850F4300DFA236 /* Sources */,
				0EEB477C22850F4300DFA236 /* Frameworks */,
				0EEB477D22850F4300DFA236 /* Resources */,
			);
			buildRules = (
			);
			dependencies = (
				0EEB478122850F4300DFA236 /* PBXTargetDependency */,
			);
			name = StretchHeaderUITests;
			productName = StretchHeaderUITests;
			productReference = 0EEB477F22850F4300DFA236 /* StretchHeaderUITests.xctest */;
			productType = "com.apple.product-type.bundle.ui-testing";
		};
/* End PBXNativeTarget section */

/* Begin PBXProject section */
		0EEB475822850F4100DFA236 /* Project object */ = {
			isa = PBXProject;
			attributes = {
				LastSwiftUpdateCheck = 1020;
				LastUpgradeCheck = 1020;
				ORGANIZATIONNAME = "Mike Saradeth";
				TargetAttributes = {
					0EEB475F22850F4100DFA236 = {
						CreatedOnToolsVersion = 10.2.1;
					};
					0EEB477322850F4300DFA236 = {
						CreatedOnToolsVersion = 10.2.1;
						TestTargetID = 0EEB475F22850F4100DFA236;
					};
					0EEB477E22850F4300DFA236 = {
						CreatedOnToolsVersion = 10.2.1;
						TestTargetID = 0EEB475F22850F4100DFA236;
					};
				};
			};
			buildConfigurationList = 0EEB475B22850F4100DFA236 /* Build configuration list for PBXProject "StretchHeader" */;
			compatibilityVersion = "Xcode 9.3";
			developmentRegion = en;
			hasScannedForEncodings = 0;
			knownRegions = (
				en,
				Base,
			);
			mainGroup = 0EEB475722850F4100DFA236;
			productRefGroup = 0EEB476122850F4100DFA236 /* Products */;
			projectDirPath = "";
			projectRoot = "";
			targets = (
				0EEB475F22850F4100DFA236 /* StretchHeader */,
				0EEB477322850F4300DFA236 /* StretchHeaderTests */,
				0EEB477E22850F4300DFA236 /* StretchHeaderUITests */,
			);
		};
/* End PBXProject section */

/* Begin PBXResourcesBuildPhase section */
		0EEB475E22850F4100DFA236 /* Resources */ = {
			isa = PBXResourcesBuildPhase;
			buildActionMask = 2147483647;
			files = (
				0EEB476E22850F4300DFA236 /* LaunchScreen.storyboard in Resources */,
				0EEB476B22850F4300DFA236 /* Assets.xcassets in Resources */,
			);
			runOnlyForDeploymentPostprocessing = 0;
		};
		0EEB477222850F4300DFA236 /* Resources */ = {
			isa = PBXResourcesBuildPhase;
			buildActionMask = 2147483647;
			files = (
			);
			runOnlyForDeploymentPostprocessing = 0;
		};
		0EEB477D22850F4300DFA236 /* Resources */ = {
			isa = PBXResourcesBuildPhase;
			buildActionMask = 2147483647;
			files = (
			);
			runOnlyForDeploymentPostprocessing = 0;
		};
/* End PBXResourcesBuildPhase section */

/* Begin PBXSourcesBuildPhase section */
		0EEB475C22850F4100DFA236 /* Sources */ = {
			isa = PBXSourcesBuildPhase;
			buildActionMask = 2147483647;
			files = (
				0EEF21B32288CFF500FE99AE /* Contact.swift in Sources */,
				0EEB479222851A3200DFA236 /* ListVC.swift in Sources */,
				0EEF21B12288863F00FE99AE /* StretchHeader.swift in Sources */,
				0EEB476422850F4100DFA236 /* AppDelegate.swift in Sources */,
			);
			runOnlyForDeploymentPostprocessing = 0;
		};
		0EEB477022850F4300DFA236 /* Sources */ = {
			isa = PBXSourcesBuildPhase;
			buildActionMask = 2147483647;
			files = (
				0EEB477922850F4300DFA236 /* StretchHeaderTests.swift in Sources */,
			);
			runOnlyForDeploymentPostprocessing = 0;
		};
		0EEB477B22850F4300DFA236 /* Sources */ = {
			isa = PBXSourcesBuildPhase;
			buildActionMask = 2147483647;
			files = (
				0EEB478422850F4300DFA236 /* StretchHeaderUITests.swift in Sources */,
			);
			runOnlyForDeploymentPostprocessing = 0;
		};
/* End PBXSourcesBuildPhase section */

/* Begin PBXTargetDependency section */
		0EEB477622850F4300DFA236 /* PBXTargetDependency */ = {
			isa = PBXTargetDependency;
			target = 0EEB475F22850F4100DFA236 /* StretchHeader */;
			targetProxy = 0EEB477522850F4300DFA236 /* PBXContainerItemProxy */;
		};
		0EEB478122850F4300DFA236 /* PBXTargetDependency */ = {
			isa = PBXTargetDependency;
			target = 0EEB475F22850F4100DFA236 /* StretchHeader */;
			targetProxy = 0EEB478022850F4300DFA236 /* PBXContainerItemProxy */;
		};
/* End PBXTargetDependency section */

/* Begin PBXVariantGroup section */
		0EEB476C22850F4300DFA236 /* LaunchScreen.storyboard */ = {
			isa = PBXVariantGroup;
			children = (
				0EEB476D22850F4300DFA236 /* Base */,
			);
			name = LaunchScreen.storyboard;
			sourceTree = "<group>";
		};
/* End PBXVariantGroup section */

/* Begin XCBuildConfiguration section */
		0EEB478622850F4300DFA236 /* Debug */ = {
			isa = XCBuildConfiguration;
			buildSettings = {
				ALWAYS_SEARCH_USER_PATHS = NO;
				CLANG_ANALYZER_NONNULL = YES;
				CLANG_ANALYZER_NUMBER_OBJECT_CONVERSION = YES_AGGRESSIVE;
				CLANG_CXX_LANGUAGE_STANDARD = "gnu++14";
				CLANG_CXX_LIBRARY = "libc++";
				CLANG_ENABLE_MODULES = YES;
				CLANG_ENABLE_OBJC_ARC = YES;
				CLANG_ENABLE_OBJC_WEAK = YES;
				CLANG_WARN_BLOCK_CAPTURE_AUTORELEASING = YES;
				CLANG_WARN_BOOL_CONVERSION = YES;
				CLANG_WARN_COMMA = YES;
				CLANG_WARN_CONSTANT_CONVERSION = YES;
				CLANG_WARN_DEPRECATED_OBJC_IMPLEMENTATIONS = YES;
				CLANG_WARN_DIRECT_OBJC_ISA_USAGE = YES_ERROR;
				CLANG_WARN_DOCUMENTATION_COMMENTS = YES;
				CLANG_WARN_EMPTY_BODY = YES;
				CLANG_WARN_ENUM_CONVERSION = YES;
				CLANG_WARN_INFINITE_RECURSION = YES;
				CLANG_WARN_INT_CONVERSION = YES;
				CLANG_WARN_NON_LITERAL_NULL_CONVERSION = YES;
				CLANG_WARN_OBJC_IMPLICIT_RETAIN_SELF = YES;
				CLANG_WARN_OBJC_LITERAL_CONVERSION = YES;
				CLANG_WARN_OBJC_ROOT_CLASS = YES_ERROR;
				CLANG_WARN_RANGE_LOOP_ANALYSIS = YES;
				CLANG_WARN_STRICT_PROTOTYPES = YES;
				CLANG_WARN_SUSPICIOUS_MOVE = YES;
				CLANG_WARN_UNGUARDED_AVAILABILITY = YES_AGGRESSIVE;
				CLANG_WARN_UNREACHABLE_CODE = YES;
				CLANG_WARN__DUPLICATE_METHOD_MATCH = YES;
				CODE_SIGN_IDENTITY = "iPhone Developer";
				COPY_PHASE_STRIP = NO;
				DEBUG_INFORMATION_FORMAT = dwarf;
				ENABLE_STRICT_OBJC_MSGSEND = YES;
				ENABLE_TESTABILITY = YES;
				GCC_C_LANGUAGE_STANDARD = gnu11;
				GCC_DYNAMIC_NO_PIC = NO;
				GCC_NO_COMMON_BLOCKS = YES;
				GCC_OPTIMIZATION_LEVEL = 0;
				GCC_PREPROCESSOR_DEFINITIONS = (
					"DEBUG=1",
					"$(inherited)",
				);
				GCC_WARN_64_TO_32_BIT_CONVERSION = YES;
				GCC_WARN_ABOUT_RETURN_TYPE = YES_ERROR;
				GCC_WARN_UNDECLARED_SELECTOR = YES;
				GCC_WARN_UNINITIALIZED_AUTOS = YES_AGGRESSIVE;
				GCC_WARN_UNUSED_FUNCTION = YES;
				GCC_WARN_UNUSED_VARIABLE = YES;
				IPHONEOS_DEPLOYMENT_TARGET = 11.0;
				MTL_ENABLE_DEBUG_INFO = INCLUDE_SOURCE;
				MTL_FAST_MATH = YES;
				ONLY_ACTIVE_ARCH = YES;
				SDKROOT = iphoneos;
				SWIFT_ACTIVE_COMPILATION_CONDITIONS = DEBUG;
				SWIFT_OPTIMIZATION_LEVEL = "-Onone";
			};
			name = Debug;
		};
		0EEB478722850F4300DFA236 /* Release */ = {
			isa = XCBuildConfiguration;
			buildSettings = {
				ALWAYS_SEARCH_USER_PATHS = NO;
				CLANG_ANALYZER_NONNULL = YES;
				CLANG_ANALYZER_NUMBER_OBJECT_CONVERSION = YES_AGGRESSIVE;
				CLANG_CXX_LANGUAGE_STANDARD = "gnu++14";
				CLANG_CXX_LIBRARY = "libc++";
				CLANG_ENABLE_MODULES = YES;
				CLANG_ENABLE_OBJC_ARC = YES;
				CLANG_ENABLE_OBJC_WEAK = YES;
				CLANG_WARN_BLOCK_CAPTURE_AUTORELEASING = YES;
				CLANG_WARN_BOOL_CONVERSION = YES;
				CLANG_WARN_COMMA = YES;
				CLANG_WARN_CONSTANT_CONVERSION = YES;
				CLANG_WARN_DEPRECATED_OBJC_IMPLEMENTATIONS = YES;
				CLANG_WARN_DIRECT_OBJC_ISA_USAGE = YES_ERROR;
				CLANG_WARN_DOCUMENTATION_COMMENTS = YES;
				CLANG_WARN_EMPTY_BODY = YES;
				CLANG_WARN_ENUM_CONVERSION = YES;
				CLANG_WARN_INFINITE_RECURSION = YES;
				CLANG_WARN_INT_CONVERSION = YES;
				CLANG_WARN_NON_LITERAL_NULL_CONVERSION = YES;
				CLANG_WARN_OBJC_IMPLICIT_RETAIN_SELF = YES;
				CLANG_WARN_OBJC_LITERAL_CONVERSION = YES;
				CLANG_WARN_OBJC_ROOT_CLASS = YES_ERROR;
				CLANG_WARN_RANGE_LOOP_ANALYSIS = YES;
				CLANG_WARN_STRICT_PROTOTYPES = YES;
				CLANG_WARN_SUSPICIOUS_MOVE = YES;
				CLANG_WARN_UNGUARDED_AVAILABILITY = YES_AGGRESSIVE;
				CLANG_WARN_UNREACHABLE_CODE = YES;
				CLANG_WARN__DUPLICATE_METHOD_MATCH = YES;
				CODE_SIGN_IDENTITY = "iPhone Developer";
				COPY_PHASE_STRIP = NO;
				DEBUG_INFORMATION_FORMAT = "dwarf-with-dsym";
				ENABLE_NS_ASSERTIONS = NO;
				ENABLE_STRICT_OBJC_MSGSEND = YES;
				GCC_C_LANGUAGE_STANDARD = gnu11;
				GCC_NO_COMMON_BLOCKS = YES;
				GCC_WARN_64_TO_32_BIT_CONVERSION = YES;
				GCC_WARN_ABOUT_RETURN_TYPE = YES_ERROR;
				GCC_WARN_UNDECLARED_SELECTOR = YES;
				GCC_WARN_UNINITIALIZED_AUTOS = YES_AGGRESSIVE;
				GCC_WARN_UNUSED_FUNCTION = YES;
				GCC_WARN_UNUSED_VARIABLE = YES;
				IPHONEOS_DEPLOYMENT_TARGET = 11.0;
				MTL_ENABLE_DEBUG_INFO = NO;
				MTL_FAST_MATH = YES;
				SDKROOT = iphoneos;
				SWIFT_COMPILATION_MODE = wholemodule;
				SWIFT_OPTIMIZATION_LEVEL = "-O";
				VALIDATE_PRODUCT = YES;
			};
			name = Release;
		};
		0EEB478922850F4300DFA236 /* Debug */ = {
			isa = XCBuildConfiguration;
			buildSettings = {
				ASSETCATALOG_COMPILER_APPICON_NAME = AppIcon;
				CODE_SIGN_STYLE = Automatic;
				DEVELOPMENT_TEAM = QAJNW7456U;
				INFOPLIST_FILE = StretchHeader/Info.plist;
				IPHONEOS_DEPLOYMENT_TARGET = 11.0;
				LD_RUNPATH_SEARCH_PATHS = (
					"$(inherited)",
					"@executable_path/Frameworks",
				);
				PRODUCT_BUNDLE_IDENTIFIER = "Mike-Saradeth.StretchHeader";
				PRODUCT_NAME = "$(TARGET_NAME)";
				SWIFT_VERSION = 5.0;
				TARGETED_DEVICE_FAMILY = "1,2";
			};
			name = Debug;
		};
		0EEB478A22850F4300DFA236 /* Release */ = {
			isa = XCBuildConfiguration;
			buildSettings = {
				ASSETCATALOG_COMPILER_APPICON_NAME = AppIcon;
				CODE_SIGN_STYLE = Automatic;
				DEVELOPMENT_TEAM = QAJNW7456U;
				INFOPLIST_FILE = StretchHeader/Info.plist;
				IPHONEOS_DEPLOYMENT_TARGET = 11.0;
				LD_RUNPATH_SEARCH_PATHS = (
					"$(inherited)",
					"@executable_path/Frameworks",
				);
				PRODUCT_BUNDLE_IDENTIFIER = "Mike-Saradeth.StretchHeader";
				PRODUCT_NAME = "$(TARGET_NAME)";
				SWIFT_VERSION = 5.0;
				TARGETED_DEVICE_FAMILY = "1,2";
			};
			name = Release;
		};
		0EEB478C22850F4300DFA236 /* Debug */ = {
			isa = XCBuildConfiguration;
			buildSettings = {
				ALWAYS_EMBED_SWIFT_STANDARD_LIBRARIES = YES;
				BUNDLE_LOADER = "$(TEST_HOST)";
				CODE_SIGN_STYLE = Automatic;
				DEVELOPMENT_TEAM = QAJNW7456U;
				INFOPLIST_FILE = StretchHeaderTests/Info.plist;
				LD_RUNPATH_SEARCH_PATHS = (
					"$(inherited)",
					"@executable_path/Frameworks",
					"@loader_path/Frameworks",
				);
				PRODUCT_BUNDLE_IDENTIFIER = "Mike-Saradeth.StretchHeaderTests";
				PRODUCT_NAME = "$(TARGET_NAME)";
				SWIFT_VERSION = 5.0;
				TARGETED_DEVICE_FAMILY = "1,2";
				TEST_HOST = "$(BUILT_PRODUCTS_DIR)/StretchHeader.app/StretchHeader";
			};
			name = Debug;
		};
		0EEB478D22850F4300DFA236 /* Release */ = {
			isa = XCBuildConfiguration;
			buildSettings = {
				ALWAYS_EMBED_SWIFT_STANDARD_LIBRARIES = YES;
				BUNDLE_LOADER = "$(TEST_HOST)";
				CODE_SIGN_STYLE = Automatic;
				DEVELOPMENT_TEAM = QAJNW7456U;
				INFOPLIST_FILE = StretchHeaderTests/Info.plist;
				LD_RUNPATH_SEARCH_PATHS = (
					"$(inherited)",
					"@executable_path/Frameworks",
					"@loader_path/Frameworks",
				);
				PRODUCT_BUNDLE_IDENTIFIER = "Mike-Saradeth.StretchHeaderTests";
				PRODUCT_NAME = "$(TARGET_NAME)";
				SWIFT_VERSION = 5.0;
				TARGETED_DEVICE_FAMILY = "1,2";
				TEST_HOST = "$(BUILT_PRODUCTS_DIR)/StretchHeader.app/StretchHeader";
			};
			name = Release;
		};
		0EEB478F22850F4300DFA236 /* Debug */ = {
			isa = XCBuildConfiguration;
			buildSettings = {
				ALWAYS_EMBED_SWIFT_STANDARD_LIBRARIES = YES;
				CODE_SIGN_STYLE = Automatic;
				DEVELOPMENT_TEAM = QAJNW7456U;
				INFOPLIST_FILE = StretchHeaderUITests/Info.plist;
				LD_RUNPATH_SEARCH_PATHS = (
					"$(inherited)",
					"@executable_path/Frameworks",
					"@loader_path/Frameworks",
				);
				PRODUCT_BUNDLE_IDENTIFIER = "Mike-Saradeth.StretchHeaderUITests";
				PRODUCT_NAME = "$(TARGET_NAME)";
				SWIFT_VERSION = 5.0;
				TARGETED_DEVICE_FAMILY = "1,2";
				TEST_TARGET_NAME = StretchHeader;
			};
			name = Debug;
		};
		0EEB479022850F4300DFA236 /* Release */ = {
			isa = XCBuildConfiguration;
			buildSettings = {
				ALWAYS_EMBED_SWIFT_STANDARD_LIBRARIES = YES;
				CODE_SIGN_STYLE = Automatic;
				DEVELOPMENT_TEAM = QAJNW7456U;
				INFOPLIST_FILE = StretchHeaderUITests/Info.plist;
				LD_RUNPATH_SEARCH_PATHS = (
					"$(inherited)",
					"@executable_path/Frameworks",
					"@loader_path/Frameworks",
				);
				PRODUCT_BUNDLE_IDENTIFIER = "Mike-Saradeth.StretchHeaderUITests";
				PRODUCT_NAME = "$(TARGET_NAME)";
				SWIFT_VERSION = 5.0;
				TARGETED_DEVICE_FAMILY = "1,2";
				TEST_TARGET_NAME = StretchHeader;
			};
			name = Release;
		};
/* End XCBuildConfiguration section */

/* Begin XCConfigurationList section */
		0EEB475B22850F4100DFA236 /* Build configuration list for PBXProject "StretchHeader" */ = {
			isa = XCConfigurationList;
			buildConfigurations = (
				0EEB478622850F4300DFA236 /* Debug */,
				0EEB478722850F4300DFA236 /* Release */,
			);
			defaultConfigurationIsVisible = 0;
			defaultConfigurationName = Release;
		};
		0EEB478822850F4300DFA236 /* Build configuration list for PBXNativeTarget "StretchHeader" */ = {
			isa = XCConfigurationList;
			buildConfigurations = (
				0EEB478922850F4300DFA236 /* Debug */,
				0EEB478A22850F4300DFA236 /* Release */,
			);
			defaultConfigurationIsVisible = 0;
			defaultConfigurationName = Release;
		};
		0EEB478B22850F4300DFA236 /* Build configuration list for PBXNativeTarget "StretchHeaderTests" */ = {
			isa = XCConfigurationList;
			buildConfigurations = (
				0EEB478C22850F4300DFA236 /* Debug */,
				0EEB478D22850F4300DFA236 /* Release */,
			);
			defaultConfigurationIsVisible = 0;
			defaultConfigurationName = Release;
		};
		0EEB478E22850F4300DFA236 /* Build configuration list for PBXNativeTarget "StretchHeaderUITests" */ = {
			isa = XCConfigurationList;
			buildConfigurations = (
				0EEB478F22850F4300DFA236 /* Debug */,
				0EEB479022850F4300DFA236 /* Release */,
			);
			defaultConfigurationIsVisible = 0;
			defaultConfigurationName = Release;
		};
/* End XCConfigurationList section */
	};
	rootObject = 0EEB475822850F4100DFA236 /* Project object */;
}
